<Solution>
  <Folder Name="/src/">
    <Project Path="src/MyDyson.App/MyDyson.App.csproj" />
    <Project Path="src/MyDyson.Cli/MyDyson.Cli.csproj" />
    <Project Path="src/MyDyson.Core/MyDyson.Core.csproj" />
  </Folder>
  <Folder Name="/tests/">
    <Project Path="tests/MyDyson.App.Tests/MyDyson.App.Tests.csproj" />
    <Project Path="tests/MyDyson.Core.Tests/MyDyson.Core.Tests.csproj" />
  </Folder>
</Solution>
